
Microsoft Visual Studio Solution File, Format Version 12.00
# Visual Studio Version 17
VisualStudioVersion = 17.4.33103.184
MinimumVisualStudioVersion = 10.0.40219.1
Project("{9A19103F-16F7-4668-BE54-9A1E7A4F7556}") = "Api_PACsServer", "AlfaPackalApi\Api_PACsServer.csproj", "{27B62557-CB93-4567-AF64-91EBA118A683}"
EndProject
Project("{9A19103F-16F7-4668-BE54-9A1E7A4F7556}") = "InterfazBasica_DCStore", "InterfazBasica\InterfazBasica_DCStore.csproj", "{0497C1CB-6018-406E-BBF4-52BCD3351181}"
EndProject
Project("{9A19103F-16F7-4668-BE54-9A1E7A4F7556}") = "WorkStation", "WorkStation\WorkStation.csproj", "{FF30EDD6-6D4F-4F37-9B04-54ED4BA3A372}"
EndProject
Project("{2150E333-8FDC-42A3-9474-1A3956D46DE8}") = "Elementos de la solución", "Elementos de la solución", "{D6CB9B6D-2206-441B-BF9D-E7E6345F250C}"
	ProjectSection(SolutionItems) = preProject
		Notas_Ixchel.cs = Notas_Ixchel.cs
	EndProjectSection
EndProject
Project("{9A19103F-16F7-4668-BE54-9A1E7A4F7556}") = "InterfazDeUsuario", "InterfazDeUsuario\InterfazDeUsuario.csproj", "{DE63CA4C-638C-4C80-8993-928005B60FAD}"
EndProject
Global
	GlobalSection(SolutionConfigurationPlatforms) = preSolution
		Debug|Any CPU = Debug|Any CPU
		Debug|x64 = Debug|x64
		Debug|x86 = Debug|x86
		Release|Any CPU = Release|Any CPU
		Release|x64 = Release|x64
		Release|x86 = Release|x86
	EndGlobalSection
	GlobalSection(ProjectConfigurationPlatforms) = postSolution
		{27B62557-CB93-4567-AF64-91EBA118A683}.Debug|Any CPU.ActiveCfg = Debug|Any CPU
		{27B62557-CB93-4567-AF64-91EBA118A683}.Debug|Any CPU.Build.0 = Debug|Any CPU
		{27B62557-CB93-4567-AF64-91EBA118A683}.Debug|x64.ActiveCfg = Debug|Any CPU
		{27B62557-CB93-4567-AF64-91EBA118A683}.Debug|x64.Build.0 = Debug|Any CPU
		{27B62557-CB93-4567-AF64-91EBA118A683}.Debug|x86.ActiveCfg = Debug|Any CPU
		{27B62557-CB93-4567-AF64-91EBA118A683}.Debug|x86.Build.0 = Debug|Any CPU
		{27B62557-CB93-4567-AF64-91EBA118A683}.Release|Any CPU.ActiveCfg = Release|Any CPU
		{27B62557-CB93-4567-AF64-91EBA118A683}.Release|Any CPU.Build.0 = Release|Any CPU
		{27B62557-CB93-4567-AF64-91EBA118A683}.Release|x64.ActiveCfg = Release|Any CPU
		{27B62557-CB93-4567-AF64-91EBA118A683}.Release|x64.Build.0 = Release|Any CPU
		{27B62557-CB93-4567-AF64-91EBA118A683}.Release|x86.ActiveCfg = Release|Any CPU
		{27B62557-CB93-4567-AF64-91EBA118A683}.Release|x86.Build.0 = Release|Any CPU
		{0497C1CB-6018-406E-BBF4-52BCD3351181}.Debug|Any CPU.ActiveCfg = Debug|Any CPU
		{0497C1CB-6018-406E-BBF4-52BCD3351181}.Debug|Any CPU.Build.0 = Debug|Any CPU
		{0497C1CB-6018-406E-BBF4-52BCD3351181}.Debug|x64.ActiveCfg = Debug|Any CPU
		{0497C1CB-6018-406E-BBF4-52BCD3351181}.Debug|x64.Build.0 = Debug|Any CPU
		{0497C1CB-6018-406E-BBF4-52BCD3351181}.Debug|x86.ActiveCfg = Debug|Any CPU
		{0497C1CB-6018-406E-BBF4-52BCD3351181}.Debug|x86.Build.0 = Debug|Any CPU
		{0497C1CB-6018-406E-BBF4-52BCD3351181}.Release|Any CPU.ActiveCfg = Release|Any CPU
		{0497C1CB-6018-406E-BBF4-52BCD3351181}.Release|Any CPU.Build.0 = Release|Any CPU
		{0497C1CB-6018-406E-BBF4-52BCD3351181}.Release|x64.ActiveCfg = Release|Any CPU
		{0497C1CB-6018-406E-BBF4-52BCD3351181}.Release|x64.Build.0 = Release|Any CPU
		{0497C1CB-6018-406E-BBF4-52BCD3351181}.Release|x86.ActiveCfg = Release|Any CPU
		{0497C1CB-6018-406E-BBF4-52BCD3351181}.Release|x86.Build.0 = Release|Any CPU
		{FF30EDD6-6D4F-4F37-9B04-54ED4BA3A372}.Debug|Any CPU.ActiveCfg = Debug|Any CPU
		{FF30EDD6-6D4F-4F37-9B04-54ED4BA3A372}.Debug|Any CPU.Build.0 = Debug|Any CPU
		{FF30EDD6-6D4F-4F37-9B04-54ED4BA3A372}.Debug|x64.ActiveCfg = Debug|Any CPU
		{FF30EDD6-6D4F-4F37-9B04-54ED4BA3A372}.Debug|x64.Build.0 = Debug|Any CPU
		{FF30EDD6-6D4F-4F37-9B04-54ED4BA3A372}.Debug|x86.ActiveCfg = Debug|Any CPU
		{FF30EDD6-6D4F-4F37-9B04-54ED4BA3A372}.Debug|x86.Build.0 = Debug|Any CPU
		{FF30EDD6-6D4F-4F37-9B04-54ED4BA3A372}.Release|Any CPU.ActiveCfg = Release|Any CPU
		{FF30EDD6-6D4F-4F37-9B04-54ED4BA3A372}.Release|Any CPU.Build.0 = Release|Any CPU
		{FF30EDD6-6D4F-4F37-9B04-54ED4BA3A372}.Release|x64.ActiveCfg = Release|Any CPU
		{FF30EDD6-6D4F-4F37-9B04-54ED4BA3A372}.Release|x64.Build.0 = Release|Any CPU
		{FF30EDD6-6D4F-4F37-9B04-54ED4BA3A372}.Release|x86.ActiveCfg = Release|Any CPU
		{FF30EDD6-6D4F-4F37-9B04-54ED4BA3A372}.Release|x86.Build.0 = Release|Any CPU
		{DE63CA4C-638C-4C80-8993-928005B60FAD}.Debug|Any CPU.ActiveCfg = Debug|Any CPU
		{DE63CA4C-638C-4C80-8993-928005B60FAD}.Debug|Any CPU.Build.0 = Debug|Any CPU
		{DE63CA4C-638C-4C80-8993-928005B60FAD}.Debug|x64.ActiveCfg = Debug|Any CPU
		{DE63CA4C-638C-4C80-8993-928005B60FAD}.Debug|x64.Build.0 = Debug|Any CPU
		{DE63CA4C-638C-4C80-8993-928005B60FAD}.Debug|x86.ActiveCfg = Debug|Any CPU
		{DE63CA4C-638C-4C80-8993-928005B60FAD}.Debug|x86.Build.0 = Debug|Any CPU
		{DE63CA4C-638C-4C80-8993-928005B60FAD}.Release|Any CPU.ActiveCfg = Release|Any CPU
		{DE63CA4C-638C-4C80-8993-928005B60FAD}.Release|Any CPU.Build.0 = Release|Any CPU
		{DE63CA4C-638C-4C80-8993-928005B60FAD}.Release|x64.ActiveCfg = Release|Any CPU
		{DE63CA4C-638C-4C80-8993-928005B60FAD}.Release|x64.Build.0 = Release|Any CPU
		{DE63CA4C-638C-4C80-8993-928005B60FAD}.Release|x86.ActiveCfg = Release|Any CPU
		{DE63CA4C-638C-4C80-8993-928005B60FAD}.Release|x86.Build.0 = Release|Any CPU
	EndGlobalSection
	GlobalSection(SolutionProperties) = preSolution
		HideSolutionNode = FALSE
	EndGlobalSection
	GlobalSection(ExtensibilityGlobals) = postSolution
		SolutionGuid = {B3F13F19-3635-420E-8D22-B18D72961B0A}
	EndGlobalSection
EndGlobal
